<?xml version="1.0" encoding="utf-8"?>
<Project xmlns="http://schemas.microsoft.com/developer/msbuild/2003">
  <ItemGroup>
    <Filter Include="Generated Files">
      <UniqueIdentifier>{71ED8ED8-ACB9-4CE9-BBE1-E00B30144E11}</UniqueIdentifier>
      <Extensions>cpp;c;cxx;moc;h;def;odl;idl;res;</Extensions>
    </Filter>
    <Filter Include="Generated Files">
      <UniqueIdentifier>{71ED8ED8-ACB9-4CE9-BBE1-E00B30144E11}</UniqueIdentifier>
      <Extensions>cpp;c;cxx;moc;h;def;odl;idl;res;</Extensions>
    </Filter>
    <Filter Include="Header Files">
      <UniqueIdentifier>{93995380-89BD-4b04-88EB-625FBE52EBFB}</UniqueIdentifier>
      <Extensions>h;hpp;hxx;hm;inl;inc;xsd</Extensions>
    </Filter>
    <Filter Include="Header Files">
      <UniqueIdentifier>{93995380-89BD-4b04-88EB-625FBE52EBFB}</UniqueIdentifier>
      <Extensions>h;hpp;hxx;hm;inl;inc;xsd</Extensions>
    </Filter>
    <Filter Include="Source Files">
      <UniqueIdentifier>{4FC737F1-C7A5-4376-A066-2A32D752A2FF}</UniqueIdentifier>
      <Extensions>cpp;c;cxx;def;odl;idl;hpj;bat;asm;asmx</Extensions>
    </Filter>
    <Filter Include="Source Files">
      <UniqueIdentifier>{4FC737F1-C7A5-4376-A066-2A32D752A2FF}</UniqueIdentifier>
      <Extensions>cpp;c;cxx;def;odl;idl;hpj;bat;asm;asmx</Extensions>
    </Filter>
  </ItemGroup>
  <ItemGroup>
    <ClCompile Include="MainWindow.cpp">
      <Filter>Source Files</Filter>
    </ClCompile>
    <ClCompile Include="Panel.cpp">
      <Filter>Source Files</Filter>
    </ClCompile>
    <ClCompile Include="Plot.cpp">
      <Filter>Source Files</Filter>
    </ClCompile>
    <ClCompile Include="main.cpp">
      <Filter>Source Files</Filter>
    </ClCompile>
    <ClCompile Include="Zoomer.cpp">
      <Filter>Source Files</Filter>
    </ClCompile>
    <ClCompile Include="Phys_plot.cpp">
      <Filter>Source Files</Filter>
    </ClCompile>
    <ClCompile Include="Newton_method.cpp">
      <Filter>Source Files</Filter>
    </ClCompile>
    <ClCompile Include="Legend.cpp">
      <Filter>Source Files</Filter>
    </ClCompile>
    <ClCompile Include="Entity.cpp">
      <Filter>Source Files</Filter>
    </ClCompile>
    <ClCompile Include="Curve.cpp">
      <Filter>Source Files</Filter>
    </ClCompile>
    <ClCompile Include="Dichotomy_method.cpp">
      <Filter>Source Files</Filter>
    </ClCompile>
  </ItemGroup>
  <ItemGroup>
    <QtMoc Include="MainWindow.h">
      <Filter>Header Files</Filter>
    </QtMoc>
    <QtMoc Include="Panel.h">
      <Filter>Header Files</Filter>
    </QtMoc>
    <QtMoc Include="Plot.h">
      <Filter>Header Files</Filter>
    </QtMoc>
    <ClInclude Include="Settings.h">
      <Filter>Header Files</Filter>
    </ClInclude>
  </ItemGroup>
  <ItemGroup>
    <ClInclude Include="Curve.h">
      <Filter>Header Files</Filter>
    </ClInclude>
    <ClInclude Include="Dichotomy_method.h">
      <Filter>Header Files</Filter>
    </ClInclude>
    <ClInclude Include="Entity.h">
      <Filter>Header Files</Filter>
    </ClInclude>
    <ClInclude Include="Fompy.h">
      <Filter>Header Files</Filter>
    </ClInclude>
    <ClInclude Include="Legend.h">
      <Filter>Header Files</Filter>
    </ClInclude>
    <ClInclude Include="Newton_method.h">
      <Filter>Header Files</Filter>
    </ClInclude>
    <ClInclude Include="Phys_plot.h">
      <Filter>Header Files</Filter>
    </ClInclude>
    <ClInclude Include="Pixmaps.h">
      <Filter>Header Files</Filter>
    </ClInclude>
    <ClInclude Include="Zoomer.h">
      <Filter>Header Files</Filter>
    </ClInclude>
  </ItemGroup>
  <ItemGroup>
    <None Include="moc\moc_predefs.h.cbt">
      <Filter>Generated Files</Filter>
    </None>
  </ItemGroup>
</Project>